
Microsoft Visual Studio Solution File, Format Version 12.00
# Visual Studio Version 16
VisualStudioVersion = 16.0.30523.141
MinimumVisualStudioVersion = 10.0.40219.1
Project("{FAE04EC0-301F-11D3-BF4B-00C04F79EFBC}") = "OnlineVisitorsNumber", "OnlineVisitorsNumber\OnlineVisitorsNumber.csproj", "{B0D2BA07-EEB2-4DDF-8C28-E9AFAF9B02D2}"
EndProject
Global
	GlobalSection(SolutionConfigurationPlatforms) = preSolution
		Debug|Any CPU = Debug|Any CPU
		Release|Any CPU = Release|Any CPU
	EndGlobalSection
	GlobalSection(ProjectConfigurationPlatforms) = postSolution
		{B0D2BA07-EEB2-4DDF-8C28-E9AFAF9B02D2}.Debug|Any CPU.ActiveCfg = Debug|Any CPU
		{B0D2BA07-EEB2-4DDF-8C28-E9AFAF9B02D2}.Debug|Any CPU.Build.0 = Debug|Any CPU
		{B0D2BA07-EEB2-4DDF-8C28-E9AFAF9B02D2}.Release|Any CPU.ActiveCfg = Release|Any CPU
		{B0D2BA07-EEB2-4DDF-8C28-E9AFAF9B02D2}.Release|Any CPU.Build.0 = Release|Any CPU
	EndGlobalSection
	GlobalSection(SolutionProperties) = preSolution
		HideSolutionNode = FALSE
	EndGlobalSection
	GlobalSection(ExtensibilityGlobals) = postSolution
		SolutionGuid = {B6BCFE2C-D0D7-4E55-8CB1-602510176F0F}
	EndGlobalSection
EndGlobal
